PODS:
  - Alamofire (3.4.0)
  - InAppSettingsKit (2.7.1)
  - MBProgressHUD (0.9.2)
  - RxAlamofire (2.5):
    - RxAlamofire/Core (= 2.5)
  - RxAlamofire/Core (2.5):
    - Alamofire (~> 3.4)
    - RxSwift (~> 2.5)
  - RxBlocking (2.5.0):
    - RxSwift (~> 2.5)
  - RxCocoa (2.5.0):
    - RxSwift (~> 2.5)
  - RxSwift (2.5.0)

DEPENDENCIES:
  - Alamofire
  - InAppSettingsKit
  - MBProgressHUD
  - RxAlamofire
  - RxBlocking
  - RxCocoa
  - RxSwift

SPEC CHECKSUMS:
  Alamofire: c19a627cefd6a95f840401c49ab1f124e07f54ee
  InAppSettingsKit: 2b9fcdb82cdff2f99c51cae544e9f4df0df7afbf
  MBProgressHUD: 1569cf7ace17a8bac47aabfbb8580a49690386d1
  RxAlamofire: b4572a077b6b2410c8732a27266299df4c00736e
  RxBlocking: 595d9ab56dde6b00beaa5aba40e95b150d2135f1
  RxCocoa: e1b1562e57a554d0fb2aabf9d71b637f177257c7
  RxSwift: 402b41a50e922a0368fc14cb3bc9f4427920e8ae

PODFILE CHECKSUM: 8623090cee8ba717e0b9a85e22b794e42c9551c9

COCOAPODS: 1.0.0
