// !$*UTF8*$!
{
	archiveVersion = 1;
	classes = {
	};
	objectVersion = 46;
	objects = {

/* Begin PBXBuildFile section */
		15A88E13EAE8062F7FBCB54B /* Pods_IITC_Mobile.framework in Frameworks */ = {isa = PBXBuildFile; fileRef = E9F05CB9F2CD0E3DB406B710 /* Pods_IITC_Mobile.framework */; };
		B405EE051D05EA6400110D9E /* IITCWebView.swift in Sources */ = {isa = PBXBuildFile; fileRef = B405EE041D05EA6400110D9E /* IITCWebView.swift */; };
		B405EE081D05FD1400110D9E /* PluginsTableViewController.swift in Sources */ = {isa = PBXBuildFile; fileRef = B405EE071D05FD1400110D9E /* PluginsTableViewController.swift */; };
		B405EECA1D0602C200110D9E /* scripts in Resources */ = {isa = PBXBuildFile; fileRef = B405EEC91D0602C200110D9E /* scripts */; };
		B405EECC1D066FC900110D9E /* LayersTableViewController.swift in Sources */ = {isa = PBXBuildFile; fileRef = B405EECB1D066FC900110D9E /* LayersTableViewController.swift */; };
		B405EECE1D06832200110D9E /* LayersController.swift in Sources */ = {isa = PBXBuildFile; fileRef = B405EECD1D06832200110D9E /* LayersController.swift */; };
		B405EED11D06969C00110D9E /* SettingsViewControllerNew.swift in Sources */ = {isa = PBXBuildFile; fileRef = B405EECF1D06969C00110D9E /* SettingsViewControllerNew.swift */; };
		B405EED21D06969C00110D9E /* Settings.bundle in Resources */ = {isa = PBXBuildFile; fileRef = B405EED01D06969C00110D9E /* Settings.bundle */; };
		B405EED41D0726BA00110D9E /* IITCLocation.swift in Sources */ = {isa = PBXBuildFile; fileRef = B405EED31D0726BA00110D9E /* IITCLocation.swift */; };
		B405EED61D0726D700110D9E /* CoreLocation.framework in Frameworks */ = {isa = PBXBuildFile; fileRef = B405EED51D0726D700110D9E /* CoreLocation.framework */; };
		B42BE7591D072D1B00A0A0CB /* OpenInMapActivity.swift in Sources */ = {isa = PBXBuildFile; fileRef = B42BE7581D072D1B00A0A0CB /* OpenInMapActivity.swift */; };
		B4E2F0041D05D06C00D2D86B /* AppDelegate.swift in Sources */ = {isa = PBXBuildFile; fileRef = B4E2F0031D05D06C00D2D86B /* AppDelegate.swift */; };
		B4E2F0061D05D06C00D2D86B /* MainViewController.swift in Sources */ = {isa = PBXBuildFile; fileRef = B4E2F0051D05D06C00D2D86B /* MainViewController.swift */; };
		B4E2F0091D05D06C00D2D86B /* Main.storyboard in Resources */ = {isa = PBXBuildFile; fileRef = B4E2F0071D05D06C00D2D86B /* Main.storyboard */; };
		B4E2F00B1D05D06C00D2D86B /* Assets.xcassets in Resources */ = {isa = PBXBuildFile; fileRef = B4E2F00A1D05D06C00D2D86B /* Assets.xcassets */; };
		B4E2F00E1D05D06C00D2D86B /* LaunchScreen.storyboard in Resources */ = {isa = PBXBuildFile; fileRef = B4E2F00C1D05D06C00D2D86B /* LaunchScreen.storyboard */; };
		B4E2F0191D05D06C00D2D86B /* IITC_MobileTests.swift in Sources */ = {isa = PBXBuildFile; fileRef = B4E2F0181D05D06C00D2D86B /* IITC_MobileTests.swift */; };
		B4E2F0251D05D50D00D2D86B /* Script.swift in Sources */ = {isa = PBXBuildFile; fileRef = B4E2F0241D05D50D00D2D86B /* Script.swift */; };
		B4E2F0271D05D51F00D2D86B /* ScriptsManager.swift in Sources */ = {isa = PBXBuildFile; fileRef = B4E2F0261D05D51F00D2D86B /* ScriptsManager.swift */; };
		B4E2F02A1D05E63C00D2D86B /* JSHandler.swift in Sources */ = {isa = PBXBuildFile; fileRef = B4E2F0291D05E63C00D2D86B /* JSHandler.swift */; };
/* End PBXBuildFile section */

/* Begin PBXContainerItemProxy section */
		B4E2F0151D05D06C00D2D86B /* PBXContainerItemProxy */ = {
			isa = PBXContainerItemProxy;
			containerPortal = B4E2EFF81D05D06C00D2D86B /* Project object */;
			proxyType = 1;
			remoteGlobalIDString = B4E2EFFF1D05D06C00D2D86B;
			remoteInfo = "IITC-Mobile";
		};
/* End PBXContainerItemProxy section */

/* Begin PBXFileReference section */
		0E61D2D30C4A18577CBD8273 /* Pods-IITC-Mobile.release.xcconfig */ = {isa = PBXFileReference; includeInIndex = 1; lastKnownFileType = text.xcconfig; name = "Pods-IITC-Mobile.release.xcconfig"; path = "Pods/Target Support Files/Pods-IITC-Mobile/Pods-IITC-Mobile.release.xcconfig"; sourceTree = "<group>"; };
		3FECEBB0EFDCF16AE63C8042 /* Pods-IITC-Mobile.debug.xcconfig */ = {isa = PBXFileReference; includeInIndex = 1; lastKnownFileType = text.xcconfig; name = "Pods-IITC-Mobile.debug.xcconfig"; path = "Pods/Target Support Files/Pods-IITC-Mobile/Pods-IITC-Mobile.debug.xcconfig"; sourceTree = "<group>"; };
		B405EE041D05EA6400110D9E /* IITCWebView.swift */ = {isa = PBXFileReference; fileEncoding = 4; lastKnownFileType = sourcecode.swift; path = IITCWebView.swift; sourceTree = "<group>"; };
		B405EE071D05FD1400110D9E /* PluginsTableViewController.swift */ = {isa = PBXFileReference; fileEncoding = 4; lastKnownFileType = sourcecode.swift; path = PluginsTableViewController.swift; sourceTree = "<group>"; };
		B405EEC91D0602C200110D9E /* scripts */ = {isa = PBXFileReference; lastKnownFileType = folder; path = scripts; sourceTree = "<group>"; };
		B405EECB1D066FC900110D9E /* LayersTableViewController.swift */ = {isa = PBXFileReference; fileEncoding = 4; lastKnownFileType = sourcecode.swift; path = LayersTableViewController.swift; sourceTree = "<group>"; };
		B405EECD1D06832200110D9E /* LayersController.swift */ = {isa = PBXFileReference; fileEncoding = 4; lastKnownFileType = sourcecode.swift; path = LayersController.swift; sourceTree = "<group>"; };
		B405EECF1D06969C00110D9E /* SettingsViewControllerNew.swift */ = {isa = PBXFileReference; fileEncoding = 4; lastKnownFileType = sourcecode.swift; path = SettingsViewControllerNew.swift; sourceTree = "<group>"; };
		B405EED01D06969C00110D9E /* Settings.bundle */ = {isa = PBXFileReference; lastKnownFileType = "wrapper.plug-in"; path = Settings.bundle; sourceTree = "<group>"; };
		B405EED31D0726BA00110D9E /* IITCLocation.swift */ = {isa = PBXFileReference; fileEncoding = 4; lastKnownFileType = sourcecode.swift; path = IITCLocation.swift; sourceTree = "<group>"; };
		B405EED51D0726D700110D9E /* CoreLocation.framework */ = {isa = PBXFileReference; lastKnownFileType = wrapper.framework; name = CoreLocation.framework; path = System/Library/Frameworks/CoreLocation.framework; sourceTree = SDKROOT; };
		B42BE7581D072D1B00A0A0CB /* OpenInMapActivity.swift */ = {isa = PBXFileReference; fileEncoding = 4; lastKnownFileType = sourcecode.swift; path = OpenInMapActivity.swift; sourceTree = "<group>"; };
		B4E2F0001D05D06C00D2D86B /* IITC-Mobile.app */ = {isa = PBXFileReference; explicitFileType = wrapper.application; includeInIndex = 0; path = "IITC-Mobile.app"; sourceTree = BUILT_PRODUCTS_DIR; };
		B4E2F0031D05D06C00D2D86B /* AppDelegate.swift */ = {isa = PBXFileReference; lastKnownFileType = sourcecode.swift; path = AppDelegate.swift; sourceTree = "<group>"; };
		B4E2F0051D05D06C00D2D86B /* MainViewController.swift */ = {isa = PBXFileReference; lastKnownFileType = sourcecode.swift; path = MainViewController.swift; sourceTree = "<group>"; };
		B4E2F0081D05D06C00D2D86B /* Base */ = {isa = PBXFileReference; lastKnownFileType = file.storyboard; name = Base; path = Base.lproj/Main.storyboard; sourceTree = "<group>"; };
		B4E2F00A1D05D06C00D2D86B /* Assets.xcassets */ = {isa = PBXFileReference; lastKnownFileType = folder.assetcatalog; path = Assets.xcassets; sourceTree = "<group>"; };
		B4E2F00D1D05D06C00D2D86B /* Base */ = {isa = PBXFileReference; lastKnownFileType = file.storyboard; name = Base; path = Base.lproj/LaunchScreen.storyboard; sourceTree = "<group>"; };
		B4E2F00F1D05D06C00D2D86B /* Info.plist */ = {isa = PBXFileReference; lastKnownFileType = text.plist.xml; path = Info.plist; sourceTree = "<group>"; };
		B4E2F0141D05D06C00D2D86B /* IITC-MobileTests.xctest */ = {isa = PBXFileReference; explicitFileType = wrapper.cfbundle; includeInIndex = 0; path = "IITC-MobileTests.xctest"; sourceTree = BUILT_PRODUCTS_DIR; };
		B4E2F0181D05D06C00D2D86B /* IITC_MobileTests.swift */ = {isa = PBXFileReference; lastKnownFileType = sourcecode.swift; path = IITC_MobileTests.swift; sourceTree = "<group>"; };
		B4E2F01A1D05D06C00D2D86B /* Info.plist */ = {isa = PBXFileReference; lastKnownFileType = text.plist.xml; path = Info.plist; sourceTree = "<group>"; };
		B4E2F0241D05D50D00D2D86B /* Script.swift */ = {isa = PBXFileReference; fileEncoding = 4; lastKnownFileType = sourcecode.swift; path = Script.swift; sourceTree = "<group>"; };
		B4E2F0261D05D51F00D2D86B /* ScriptsManager.swift */ = {isa = PBXFileReference; fileEncoding = 4; lastKnownFileType = sourcecode.swift; path = ScriptsManager.swift; sourceTree = "<group>"; };
		B4E2F0291D05E63C00D2D86B /* JSHandler.swift */ = {isa = PBXFileReference; fileEncoding = 4; lastKnownFileType = sourcecode.swift; path = JSHandler.swift; sourceTree = "<group>"; };
		E9F05CB9F2CD0E3DB406B710 /* Pods_IITC_Mobile.framework */ = {isa = PBXFileReference; explicitFileType = wrapper.framework; includeInIndex = 0; path = Pods_IITC_Mobile.framework; sourceTree = BUILT_PRODUCTS_DIR; };
/* End PBXFileReference section */

/* Begin PBXFrameworksBuildPhase section */
		B4E2EFFD1D05D06C00D2D86B /* Frameworks */ = {
			isa = PBXFrameworksBuildPhase;
			buildActionMask = 2147483647;
			files = (
				B405EED61D0726D700110D9E /* CoreLocation.framework in Frameworks */,
				15A88E13EAE8062F7FBCB54B /* Pods_IITC_Mobile.framework in Frameworks */,
			);
			runOnlyForDeploymentPostprocessing = 0;
		};
		B4E2F0111D05D06C00D2D86B /* Frameworks */ = {
			isa = PBXFrameworksBuildPhase;
			buildActionMask = 2147483647;
			files = (
			);
			runOnlyForDeploymentPostprocessing = 0;
		};
/* End PBXFrameworksBuildPhase section */

/* Begin PBXGroup section */
		1CA5F513322ECED93C6D19D8 /* Pods */ = {
			isa = PBXGroup;
			children = (
				3FECEBB0EFDCF16AE63C8042 /* Pods-IITC-Mobile.debug.xcconfig */,
				0E61D2D30C4A18577CBD8273 /* Pods-IITC-Mobile.release.xcconfig */,
			);
			name = Pods;
			sourceTree = "<group>";
		};
		3DAD2415200F542459C8954A /* Frameworks */ = {
			isa = PBXGroup;
			children = (
				B405EED51D0726D700110D9E /* CoreLocation.framework */,
				E9F05CB9F2CD0E3DB406B710 /* Pods_IITC_Mobile.framework */,
			);
			name = Frameworks;
			sourceTree = "<group>";
		};
		B405EE061D05EC6900110D9E /* UI */ = {
			isa = PBXGroup;
			children = (
				B405EECF1D06969C00110D9E /* SettingsViewControllerNew.swift */,
				B405EED01D06969C00110D9E /* Settings.bundle */,
				B4E2F0051D05D06C00D2D86B /* MainViewController.swift */,
				B405EE071D05FD1400110D9E /* PluginsTableViewController.swift */,
				B405EECB1D066FC900110D9E /* LayersTableViewController.swift */,
				B405EECD1D06832200110D9E /* LayersController.swift */,
				B42BE7581D072D1B00A0A0CB /* OpenInMapActivity.swift */,
			);
			path = UI;
			sourceTree = "<group>";
		};
		B4E2EFF71D05D06C00D2D86B = {
			isa = PBXGroup;
			children = (
				B4E2F0021D05D06C00D2D86B /* IITC-Mobile */,
				B4E2F0171D05D06C00D2D86B /* IITC-MobileTests */,
				B4E2F0011D05D06C00D2D86B /* Products */,
				1CA5F513322ECED93C6D19D8 /* Pods */,
				3DAD2415200F542459C8954A /* Frameworks */,
			);
			sourceTree = "<group>";
		};
		B4E2F0011D05D06C00D2D86B /* Products */ = {
			isa = PBXGroup;
			children = (
				B4E2F0001D05D06C00D2D86B /* IITC-Mobile.app */,
				B4E2F0141D05D06C00D2D86B /* IITC-MobileTests.xctest */,
			);
			name = Products;
			sourceTree = "<group>";
		};
		B4E2F0021D05D06C00D2D86B /* IITC-Mobile */ = {
			isa = PBXGroup;
			children = (
				B405EEC91D0602C200110D9E /* scripts */,
				B405EE061D05EC6900110D9E /* UI */,
				B4E2F0281D05E5F400D2D86B /* IITCWebView */,
				B4E2F0231D05D4E700D2D86B /* ScriptsManager */,
				B4E2F0031D05D06C00D2D86B /* AppDelegate.swift */,
				B4E2F0071D05D06C00D2D86B /* Main.storyboard */,
				B4E2F00A1D05D06C00D2D86B /* Assets.xcassets */,
				B4E2F00C1D05D06C00D2D86B /* LaunchScreen.storyboard */,
				B4E2F00F1D05D06C00D2D86B /* Info.plist */,
			);
			path = "IITC-Mobile";
			sourceTree = "<group>";
		};
		B4E2F0171D05D06C00D2D86B /* IITC-MobileTests */ = {
			isa = PBXGroup;
			children = (
				B4E2F0181D05D06C00D2D86B /* IITC_MobileTests.swift */,
				B4E2F01A1D05D06C00D2D86B /* Info.plist */,
			);
			path = "IITC-MobileTests";
			sourceTree = "<group>";
		};
		B4E2F0231D05D4E700D2D86B /* ScriptsManager */ = {
			isa = PBXGroup;
			children = (
				B4E2F0241D05D50D00D2D86B /* Script.swift */,
				B4E2F0261D05D51F00D2D86B /* ScriptsManager.swift */,
			);
			path = ScriptsManager;
			sourceTree = "<group>";
		};
		B4E2F0281D05E5F400D2D86B /* IITCWebView */ = {
			isa = PBXGroup;
			children = (
				B405EE041D05EA6400110D9E /* IITCWebView.swift */,
				B4E2F0291D05E63C00D2D86B /* JSHandler.swift */,
				B405EED31D0726BA00110D9E /* IITCLocation.swift */,
			);
			path = IITCWebView;
			sourceTree = "<group>";
		};
/* End PBXGroup section */

/* Begin PBXNativeTarget section */
		B4E2EFFF1D05D06C00D2D86B /* IITC-Mobile */ = {
			isa = PBXNativeTarget;
			buildConfigurationList = B4E2F01D1D05D06C00D2D86B /* Build configuration list for PBXNativeTarget "IITC-Mobile" */;
			buildPhases = (
				B7FDA0BD49D78636739F1B48 /* 📦 Check Pods Manifest.lock */,
				B4E2EFFC1D05D06C00D2D86B /* Sources */,
				B4E2EFFD1D05D06C00D2D86B /* Frameworks */,
				B4E2EFFE1D05D06C00D2D86B /* Resources */,
				33095099489230A7C1AA7C1B /* 📦 Embed Pods Frameworks */,
				11551FAB75C95E9E8A422848 /* 📦 Copy Pods Resources */,
			);
			buildRules = (
			);
			dependencies = (
			);
			name = "IITC-Mobile";
			productName = "IITC-Mobile";
			productReference = B4E2F0001D05D06C00D2D86B /* IITC-Mobile.app */;
			productType = "com.apple.product-type.application";
		};
		B4E2F0131D05D06C00D2D86B /* IITC-MobileTests */ = {
			isa = PBXNativeTarget;
			buildConfigurationList = B4E2F0201D05D06C00D2D86B /* Build configuration list for PBXNativeTarget "IITC-MobileTests" */;
			buildPhases = (
				B4E2F0101D05D06C00D2D86B /* Sources */,
				B4E2F0111D05D06C00D2D86B /* Frameworks */,
				B4E2F0121D05D06C00D2D86B /* Resources */,
			);
			buildRules = (
			);
			dependencies = (
				B4E2F0161D05D06C00D2D86B /* PBXTargetDependency */,
			);
			name = "IITC-MobileTests";
			productName = "IITC-MobileTests";
			productReference = B4E2F0141D05D06C00D2D86B /* IITC-MobileTests.xctest */;
			productType = "com.apple.product-type.bundle.unit-test";
		};
/* End PBXNativeTarget section */

/* Begin PBXProject section */
		B4E2EFF81D05D06C00D2D86B /* Project object */ = {
			isa = PBXProject;
			attributes = {
				LastSwiftUpdateCheck = 0730;
				LastUpgradeCheck = 0730;
				ORGANIZATIONNAME = IITC;
				TargetAttributes = {
					B4E2EFFF1D05D06C00D2D86B = {
						CreatedOnToolsVersion = 7.3.1;
					};
					B4E2F0131D05D06C00D2D86B = {
						CreatedOnToolsVersion = 7.3.1;
						TestTargetID = B4E2EFFF1D05D06C00D2D86B;
					};
				};
			};
			buildConfigurationList = B4E2EFFB1D05D06C00D2D86B /* Build configuration list for PBXProject "IITC-Mobile" */;
			compatibilityVersion = "Xcode 3.2";
			developmentRegion = English;
			hasScannedForEncodings = 0;
			knownRegions = (
				en,
				Base,
			);
			mainGroup = B4E2EFF71D05D06C00D2D86B;
			productRefGroup = B4E2F0011D05D06C00D2D86B /* Products */;
			projectDirPath = "";
			projectRoot = "";
			targets = (
				B4E2EFFF1D05D06C00D2D86B /* IITC-Mobile */,
				B4E2F0131D05D06C00D2D86B /* IITC-MobileTests */,
			);
		};
/* End PBXProject section */

/* Begin PBXResourcesBuildPhase section */
		B4E2EFFE1D05D06C00D2D86B /* Resources */ = {
			isa = PBXResourcesBuildPhase;
			buildActionMask = 2147483647;
			files = (
				B4E2F00E1D05D06C00D2D86B /* LaunchScreen.storyboard in Resources */,
				B405EECA1D0602C200110D9E /* scripts in Resources */,
				B405EED21D06969C00110D9E /* Settings.bundle in Resources */,
				B4E2F00B1D05D06C00D2D86B /* Assets.xcassets in Resources */,
				B4E2F0091D05D06C00D2D86B /* Main.storyboard in Resources */,
			);
			runOnlyForDeploymentPostprocessing = 0;
		};
		B4E2F0121D05D06C00D2D86B /* Resources */ = {
			isa = PBXResourcesBuildPhase;
			buildActionMask = 2147483647;
			files = (
			);
			runOnlyForDeploymentPostprocessing = 0;
		};
/* End PBXResourcesBuildPhase section */

/* Begin PBXShellScriptBuildPhase section */
		11551FAB75C95E9E8A422848 /* 📦 Copy Pods Resources */ = {
			isa = PBXShellScriptBuildPhase;
			buildActionMask = 2147483647;
			files = (
			);
			inputPaths = (
			);
			name = "📦 Copy Pods Resources";
			outputPaths = (
			);
			runOnlyForDeploymentPostprocessing = 0;
			shellPath = /bin/sh;
			shellScript = "\"${SRCROOT}/Pods/Target Support Files/Pods-IITC-Mobile/Pods-IITC-Mobile-resources.sh\"\n";
			showEnvVarsInLog = 0;
		};
		33095099489230A7C1AA7C1B /* 📦 Embed Pods Frameworks */ = {
			isa = PBXShellScriptBuildPhase;
			buildActionMask = 2147483647;
			files = (
			);
			inputPaths = (
			);
			name = "📦 Embed Pods Frameworks";
			outputPaths = (
			);
			runOnlyForDeploymentPostprocessing = 0;
			shellPath = /bin/sh;
			shellScript = "\"${SRCROOT}/Pods/Target Support Files/Pods-IITC-Mobile/Pods-IITC-Mobile-frameworks.sh\"\n";
			showEnvVarsInLog = 0;
		};
		B7FDA0BD49D78636739F1B48 /* 📦 Check Pods Manifest.lock */ = {
			isa = PBXShellScriptBuildPhase;
			buildActionMask = 2147483647;
			files = (
			);
			inputPaths = (
			);
			name = "📦 Check Pods Manifest.lock";
			outputPaths = (
			);
			runOnlyForDeploymentPostprocessing = 0;
			shellPath = /bin/sh;
			shellScript = "diff \"${PODS_ROOT}/../Podfile.lock\" \"${PODS_ROOT}/Manifest.lock\" > /dev/null\nif [[ $? != 0 ]] ; then\n    cat << EOM\nerror: The sandbox is not in sync with the Podfile.lock. Run 'pod install' or update your CocoaPods installation.\nEOM\n    exit 1\nfi\n";
			showEnvVarsInLog = 0;
		};
/* End PBXShellScriptBuildPhase section */

/* Begin PBXSourcesBuildPhase section */
		B4E2EFFC1D05D06C00D2D86B /* Sources */ = {
			isa = PBXSourcesBuildPhase;
			buildActionMask = 2147483647;
			files = (
				B405EED41D0726BA00110D9E /* IITCLocation.swift in Sources */,
				B4E2F02A1D05E63C00D2D86B /* JSHandler.swift in Sources */,
				B42BE7591D072D1B00A0A0CB /* OpenInMapActivity.swift in Sources */,
				B405EECC1D066FC900110D9E /* LayersTableViewController.swift in Sources */,
				B405EED11D06969C00110D9E /* SettingsViewControllerNew.swift in Sources */,
				B405EECE1D06832200110D9E /* LayersController.swift in Sources */,
				B4E2F0061D05D06C00D2D86B /* MainViewController.swift in Sources */,
				B405EE051D05EA6400110D9E /* IITCWebView.swift in Sources */,
				B4E2F0251D05D50D00D2D86B /* Script.swift in Sources */,
				B405EE081D05FD1400110D9E /* PluginsTableViewController.swift in Sources */,
				B4E2F0271D05D51F00D2D86B /* ScriptsManager.swift in Sources */,
				B4E2F0041D05D06C00D2D86B /* AppDelegate.swift in Sources */,
			);
			runOnlyForDeploymentPostprocessing = 0;
		};
		B4E2F0101D05D06C00D2D86B /* Sources */ = {
			isa = PBXSourcesBuildPhase;
			buildActionMask = 2147483647;
			files = (
				B4E2F0191D05D06C00D2D86B /* IITC_MobileTests.swift in Sources */,
			);
			runOnlyForDeploymentPostprocessing = 0;
		};
/* End PBXSourcesBuildPhase section */

/* Begin PBXTargetDependency section */
		B4E2F0161D05D06C00D2D86B /* PBXTargetDependency */ = {
			isa = PBXTargetDependency;
			target = B4E2EFFF1D05D06C00D2D86B /* IITC-Mobile */;
			targetProxy = B4E2F0151D05D06C00D2D86B /* PBXContainerItemProxy */;
		};
/* End PBXTargetDependency section */

/* Begin PBXVariantGroup section */
		B4E2F0071D05D06C00D2D86B /* Main.storyboard */ = {
			isa = PBXVariantGroup;
			children = (
				B4E2F0081D05D06C00D2D86B /* Base */,
			);
			name = Main.storyboard;
			sourceTree = "<group>";
		};
		B4E2F00C1D05D06C00D2D86B /* LaunchScreen.storyboard */ = {
			isa = PBXVariantGroup;
			children = (
				B4E2F00D1D05D06C00D2D86B /* Base */,
			);
			name = LaunchScreen.storyboard;
			sourceTree = "<group>";
		};
/* End PBXVariantGroup section */

/* Begin XCBuildConfiguration section */
		B4E2F01B1D05D06C00D2D86B /* Debug */ = {
			isa = XCBuildConfiguration;
			buildSettings = {
				ALWAYS_SEARCH_USER_PATHS = NO;
				CLANG_ANALYZER_NONNULL = YES;
				CLANG_CXX_LANGUAGE_STANDARD = "gnu++0x";
				CLANG_CXX_LIBRARY = "libc++";
				CLANG_ENABLE_MODULES = YES;
				CLANG_ENABLE_OBJC_ARC = YES;
				CLANG_WARN_BOOL_CONVERSION = YES;
				CLANG_WARN_CONSTANT_CONVERSION = YES;
				CLANG_WARN_DIRECT_OBJC_ISA_USAGE = YES_ERROR;
				CLANG_WARN_EMPTY_BODY = YES;
				CLANG_WARN_ENUM_CONVERSION = YES;
				CLANG_WARN_INT_CONVERSION = YES;
				CLANG_WARN_OBJC_ROOT_CLASS = YES_ERROR;
				CLANG_WARN_UNREACHABLE_CODE = YES;
				CLANG_WARN__DUPLICATE_METHOD_MATCH = YES;
				"CODE_SIGN_IDENTITY[sdk=iphoneos*]" = "iPhone Developer";
				COPY_PHASE_STRIP = NO;
				DEBUG_INFORMATION_FORMAT = dwarf;
				ENABLE_STRICT_OBJC_MSGSEND = YES;
				ENABLE_TESTABILITY = YES;
				GCC_C_LANGUAGE_STANDARD = gnu99;
				GCC_DYNAMIC_NO_PIC = NO;
				GCC_NO_COMMON_BLOCKS = YES;
				GCC_OPTIMIZATION_LEVEL = 0;
				GCC_PREPROCESSOR_DEFINITIONS = (
					"DEBUG=1",
					"$(inherited)",
				);
				GCC_WARN_64_TO_32_BIT_CONVERSION = YES;
				GCC_WARN_ABOUT_RETURN_TYPE = YES_ERROR;
				GCC_WARN_UNDECLARED_SELECTOR = YES;
				GCC_WARN_UNINITIALIZED_AUTOS = YES_AGGRESSIVE;
				GCC_WARN_UNUSED_FUNCTION = YES;
				GCC_WARN_UNUSED_VARIABLE = YES;
				IPHONEOS_DEPLOYMENT_TARGET = 9.3;
				MTL_ENABLE_DEBUG_INFO = YES;
				ONLY_ACTIVE_ARCH = YES;
				SDKROOT = iphoneos;
				SWIFT_OPTIMIZATION_LEVEL = "-Onone";
				TARGETED_DEVICE_FAMILY = "1,2";
			};
			name = Debug;
		};
		B4E2F01C1D05D06C00D2D86B /* Release */ = {
			isa = XCBuildConfiguration;
			buildSettings = {
				ALWAYS_SEARCH_USER_PATHS = NO;
				CLANG_ANALYZER_NONNULL = YES;
				CLANG_CXX_LANGUAGE_STANDARD = "gnu++0x";
				CLANG_CXX_LIBRARY = "libc++";
				CLANG_ENABLE_MODULES = YES;
				CLANG_ENABLE_OBJC_ARC = YES;
				CLANG_WARN_BOOL_CONVERSION = YES;
				CLANG_WARN_CONSTANT_CONVERSION = YES;
				CLANG_WARN_DIRECT_OBJC_ISA_USAGE = YES_ERROR;
				CLANG_WARN_EMPTY_BODY = YES;
				CLANG_WARN_ENUM_CONVERSION = YES;
				CLANG_WARN_INT_CONVERSION = YES;
				CLANG_WARN_OBJC_ROOT_CLASS = YES_ERROR;
				CLANG_WARN_UNREACHABLE_CODE = YES;
				CLANG_WARN__DUPLICATE_METHOD_MATCH = YES;
				"CODE_SIGN_IDENTITY[sdk=iphoneos*]" = "iPhone Developer";
				COPY_PHASE_STRIP = NO;
				DEBUG_INFORMATION_FORMAT = "dwarf-with-dsym";
				ENABLE_NS_ASSERTIONS = NO;
				ENABLE_STRICT_OBJC_MSGSEND = YES;
				GCC_C_LANGUAGE_STANDARD = gnu99;
				GCC_NO_COMMON_BLOCKS = YES;
				GCC_WARN_64_TO_32_BIT_CONVERSION = YES;
				GCC_WARN_ABOUT_RETURN_TYPE = YES_ERROR;
				GCC_WARN_UNDECLARED_SELECTOR = YES;
				GCC_WARN_UNINITIALIZED_AUTOS = YES_AGGRESSIVE;
				GCC_WARN_UNUSED_FUNCTION = YES;
				GCC_WARN_UNUSED_VARIABLE = YES;
				IPHONEOS_DEPLOYMENT_TARGET = 9.3;
				MTL_ENABLE_DEBUG_INFO = NO;
				SDKROOT = iphoneos;
				TARGETED_DEVICE_FAMILY = "1,2";
				VALIDATE_PRODUCT = YES;
			};
			name = Release;
		};
		B4E2F01E1D05D06C00D2D86B /* Debug */ = {
			isa = XCBuildConfiguration;
			baseConfigurationReference = 3FECEBB0EFDCF16AE63C8042 /* Pods-IITC-Mobile.debug.xcconfig */;
			buildSettings = {
				ASSETCATALOG_COMPILER_APPICON_NAME = AppIcon;
				INFOPLIST_FILE = "IITC-Mobile/Info.plist";
				LD_RUNPATH_SEARCH_PATHS = "$(inherited) @executable_path/Frameworks";
				PRODUCT_BUNDLE_IDENTIFIER = com.vuryleo.iitcmobile;
				PRODUCT_NAME = "$(TARGET_NAME)";
			};
			name = Debug;
		};
		B4E2F01F1D05D06C00D2D86B /* Release */ = {
			isa = XCBuildConfiguration;
			baseConfigurationReference = 0E61D2D30C4A18577CBD8273 /* Pods-IITC-Mobile.release.xcconfig */;
			buildSettings = {
				ASSETCATALOG_COMPILER_APPICON_NAME = AppIcon;
				INFOPLIST_FILE = "IITC-Mobile/Info.plist";
				LD_RUNPATH_SEARCH_PATHS = "$(inherited) @executable_path/Frameworks";
				PRODUCT_BUNDLE_IDENTIFIER = com.vuryleo.iitcmobile;
				PRODUCT_NAME = "$(TARGET_NAME)";
			};
			name = Release;
		};
		B4E2F0211D05D06C00D2D86B /* Debug */ = {
			isa = XCBuildConfiguration;
			buildSettings = {
				BUNDLE_LOADER = "$(TEST_HOST)";
				INFOPLIST_FILE = "IITC-MobileTests/Info.plist";
				LD_RUNPATH_SEARCH_PATHS = "$(inherited) @executable_path/Frameworks @loader_path/Frameworks";
				PRODUCT_BUNDLE_IDENTIFIER = "com.vuryleo.iitcmobile.IITC-MobileTests";
				PRODUCT_NAME = "$(TARGET_NAME)";
				TEST_HOST = "$(BUILT_PRODUCTS_DIR)/IITC-Mobile.app/IITC-Mobile";
			};
			name = Debug;
		};
		B4E2F0221D05D06C00D2D86B /* Release */ = {
			isa = XCBuildConfiguration;
			buildSettings = {
				BUNDLE_LOADER = "$(TEST_HOST)";
				INFOPLIST_FILE = "IITC-MobileTests/Info.plist";
				LD_RUNPATH_SEARCH_PATHS = "$(inherited) @executable_path/Frameworks @loader_path/Frameworks";
				PRODUCT_BUNDLE_IDENTIFIER = "com.vuryleo.iitcmobile.IITC-MobileTests";
				PRODUCT_NAME = "$(TARGET_NAME)";
				TEST_HOST = "$(BUILT_PRODUCTS_DIR)/IITC-Mobile.app/IITC-Mobile";
			};
			name = Release;
		};
/* End XCBuildConfiguration section */

/* Begin XCConfigurationList section */
		B4E2EFFB1D05D06C00D2D86B /* Build configuration list for PBXProject "IITC-Mobile" */ = {
			isa = XCConfigurationList;
			buildConfigurations = (
				B4E2F01B1D05D06C00D2D86B /* Debug */,
				B4E2F01C1D05D06C00D2D86B /* Release */,
			);
			defaultConfigurationIsVisible = 0;
			defaultConfigurationName = Release;
		};
		B4E2F01D1D05D06C00D2D86B /* Build configuration list for PBXNativeTarget "IITC-Mobile" */ = {
			isa = XCConfigurationList;
			buildConfigurations = (
				B4E2F01E1D05D06C00D2D86B /* Debug */,
				B4E2F01F1D05D06C00D2D86B /* Release */,
			);
			defaultConfigurationIsVisible = 0;
			defaultConfigurationName = Release;
		};
		B4E2F0201D05D06C00D2D86B /* Build configuration list for PBXNativeTarget "IITC-MobileTests" */ = {
			isa = XCConfigurationList;
			buildConfigurations = (
				B4E2F0211D05D06C00D2D86B /* Debug */,
				B4E2F0221D05D06C00D2D86B /* Release */,
			);
			defaultConfigurationIsVisible = 0;
			defaultConfigurationName = Release;
		};
/* End XCConfigurationList section */
	};
	rootObject = B4E2EFF81D05D06C00D2D86B /* Project object */;
}
